
Microsoft Visual Studio Solution File, Format Version 12.00
# Visual Studio Version 17
VisualStudioVersion = 17.10.35027.167
MinimumVisualStudioVersion = 10.0.40219.1
Project("{FAE04EC0-301F-11D3-BF4B-00C04F79EFBC}") = "DemoWindowsFormsApp", "DemoWindowsFormsApp\DemoWindowsFormsApp.csproj", "{91921642-ECA6-4D57-BB72-5E84F7E0CBFD}"
EndProject
Global
	GlobalSection(SolutionConfigurationPlatforms) = preSolution
		Debug|Any CPU = Debug|Any CPU
		Release|Any CPU = Release|Any CPU
	EndGlobalSection
	GlobalSection(ProjectConfigurationPlatforms) = postSolution
		{91921642-ECA6-4D57-BB72-5E84F7E0CBFD}.Debug|Any CPU.ActiveCfg = Debug|Any CPU
		{91921642-ECA6-4D57-BB72-5E84F7E0CBFD}.Debug|Any CPU.Build.0 = Debug|Any CPU
		{91921642-ECA6-4D57-BB72-5E84F7E0CBFD}.Release|Any CPU.ActiveCfg = Release|Any CPU
		{91921642-ECA6-4D57-BB72-5E84F7E0CBFD}.Release|Any CPU.Build.0 = Release|Any CPU
	EndGlobalSection
	GlobalSection(SolutionProperties) = preSolution
		HideSolutionNode = FALSE
	EndGlobalSection
	GlobalSection(ExtensibilityGlobals) = postSolution
		SolutionGuid = {820EF127-5A80-41D7-AC04-B250FB1D0E2D}
	EndGlobalSection
EndGlobal
